
Microsoft Visual Studio Solution File, Format Version 12.00
# Visual Studio Version 17
VisualStudioVersion = 17.4.33122.133
MinimumVisualStudioVersion = 10.0.40219.1
Project("{FAE04EC0-301F-11D3-BF4B-00C04F79EFBC}") = "STBL_CONVERT_TO_MAT_LABEL", "STBL_CONVERT_TO_MAT_LABEL\STBL_CONVERT_TO_MAT_LABEL.csproj", "{BEAFD823-0C1E-4AEA-B0C7-113645E62A2E}"
EndProject
Global
	GlobalSection(SolutionConfigurationPlatforms) = preSolution
		Debug|Any CPU = Debug|Any CPU
		Release|Any CPU = Release|Any CPU
	EndGlobalSection
	GlobalSection(ProjectConfigurationPlatforms) = postSolution
		{BEAFD823-0C1E-4AEA-B0C7-113645E62A2E}.Debug|Any CPU.ActiveCfg = Debug|Any CPU
		{BEAFD823-0C1E-4AEA-B0C7-113645E62A2E}.Debug|Any CPU.Build.0 = Debug|Any CPU
		{BEAFD823-0C1E-4AEA-B0C7-113645E62A2E}.Release|Any CPU.ActiveCfg = Release|Any CPU
		{BEAFD823-0C1E-4AEA-B0C7-113645E62A2E}.Release|Any CPU.Build.0 = Release|Any CPU
	EndGlobalSection
	GlobalSection(SolutionProperties) = preSolution
		HideSolutionNode = FALSE
	EndGlobalSection
	GlobalSection(ExtensibilityGlobals) = postSolution
		SolutionGuid = {301A12A4-2DFC-48D9-88B6-DADBD4916F35}
	EndGlobalSection
EndGlobal
